
Microsoft Visual Studio Solution File, Format Version 12.00
# Visual Studio Version 16
VisualStudioVersion = 16.0.31515.178
MinimumVisualStudioVersion = 10.0.40219.1
Project("{FAE04EC0-301F-11D3-BF4B-00C04F79EFBC}") = "ProjetoFinal", "ProjetoFinal\ProjetoFinal.csproj", "{E329CCE8-09F7-41A1-BA9A-EA40FC7293CD}"
EndProject
Global
	GlobalSection(SolutionConfigurationPlatforms) = preSolution
		Debug|Any CPU = Debug|Any CPU
		Release|Any CPU = Release|Any CPU
	EndGlobalSection
	GlobalSection(ProjectConfigurationPlatforms) = postSolution
		{E329CCE8-09F7-41A1-BA9A-EA40FC7293CD}.Debug|Any CPU.ActiveCfg = Debug|Any CPU
		{E329CCE8-09F7-41A1-BA9A-EA40FC7293CD}.Debug|Any CPU.Build.0 = Debug|Any CPU
		{E329CCE8-09F7-41A1-BA9A-EA40FC7293CD}.Release|Any CPU.ActiveCfg = Release|Any CPU
		{E329CCE8-09F7-41A1-BA9A-EA40FC7293CD}.Release|Any CPU.Build.0 = Release|Any CPU
	EndGlobalSection
	GlobalSection(SolutionProperties) = preSolution
		HideSolutionNode = FALSE
	EndGlobalSection
	GlobalSection(ExtensibilityGlobals) = postSolution
		SolutionGuid = {61F7C0B3-A6A4-46C9-A9C6-FBC5397B7502}
	EndGlobalSection
EndGlobal
